
Microsoft Visual Studio Solution File, Format Version 10.00
# Visual Studio 2008
Project("{8BC9CEB8-8B4A-11D0-8D11-00A0C91BC942}") = "libusbK.lib", "src\libusbK.lib\libusbK.lib.vcproj", "{F2114C97-2F90-44B2-86AF-E5AE662458BF}"
EndProject
Project("{8BC9CEB8-8B4A-11D0-8D11-00A0C91BC942}") = "libusbK.dll", "src\libusbK.dll\libusbK.dll.vcproj", "{E859F08B-6148-4475-AB5E-BAF09047A958}"
EndProject
Project("{8BC9CEB8-8B4A-11D0-8D11-00A0C91BC942}") = "libusbK.sys", "src\libusbK.sys\libusbK.vcproj", "{6F681E4D-0C70-4D7E-A55F-74913E78138E}"
EndProject
Project("{2150E333-8FDC-42A3-9474-1A3956D46DE8}") = "wdk", "wdk", "{11FAB3B1-0C95-4FCC-9326-09052D8B5C9D}"
EndProject
Project("{2150E333-8FDC-42A3-9474-1A3956D46DE8}") = "inf", "inf", "{CE8F5C1F-2B0B-4A77-A40F-20FA5A5FB05C}"
	ProjectSection(SolutionItems) = preProject
		src\libusbK.sys\libusbK.inf.in = src\libusbK.sys\libusbK.inf.in
		src\libusbK.sys\libusbK_simple.inf.in = src\libusbK.sys\libusbK_simple.inf.in
	EndProjectSection
EndProject
Project("{2150E333-8FDC-42A3-9474-1A3956D46DE8}") = "sources", "sources", "{623B14B1-DB3A-43F5-A4B6-2100510BFBD8}"
	ProjectSection(SolutionItems) = preProject
		src\kBench.exe\kBench.exe.sources = src\kBench.exe\kBench.exe.sources
		src\kList.exe\kList.exe.sources = src\kList.exe\kList.exe.sources
		src\libusbK.dll\libusbK.dll.sources = src\libusbK.dll\libusbK.dll.sources
		src\libusbK.lib\libusbK.lib.sources = src\libusbK.lib\libusbK.lib.sources
		src\libusbK.sys\libusbK.sys.sources = src\libusbK.sys\libusbK.sys.sources
	EndProjectSection
EndProject
Project("{2150E333-8FDC-42A3-9474-1A3956D46DE8}") = "make", "make", "{14CE2241-F8CE-4FE8-A194-B2F6C0FCC9D1}"
	ProjectSection(SolutionItems) = preProject
		common_version_h.in = common_version_h.in
		make.cfg = make.cfg
		make.cmd = make.cmd
		make.versions = make.versions
	EndProjectSection
EndProject
Project("{8BC9CEB8-8B4A-11D0-8D11-00A0C91BC942}") = "kBench.exe", "src\kBench.exe\kBench.vcproj", "{046C67B6-9D81-473F-B738-D67C9EB18B99}"
	ProjectSection(ProjectDependencies) = postProject
		{F2114C97-2F90-44B2-86AF-E5AE662458BF} = {F2114C97-2F90-44B2-86AF-E5AE662458BF}
	EndProjectSection
EndProject
Project("{2150E333-8FDC-42A3-9474-1A3956D46DE8}") = "apps", "apps", "{6EA087C1-3738-4F25-8675-96E824E1E1AD}"
EndProject
Project("{8BC9CEB8-8B4A-11D0-8D11-00A0C91BC942}") = "kList.exe", "src\kList.exe\kList.vcproj", "{046C67B6-9D81-473F-8FD4-D67C9EB18B99}"
	ProjectSection(ProjectDependencies) = postProject
		{F2114C97-2F90-44B2-86AF-E5AE662458BF} = {F2114C97-2F90-44B2-86AF-E5AE662458BF}
	EndProjectSection
EndProject
Global
	GlobalSection(SolutionConfigurationPlatforms) = preSolution
		Debug|Win32 = Debug|Win32
		Debug|x64 = Debug|x64
		Release|Win32 = Release|Win32
		Release|x64 = Release|x64
	EndGlobalSection
	GlobalSection(ProjectConfigurationPlatforms) = postSolution
		{F2114C97-2F90-44B2-86AF-E5AE662458BF}.Debug|Win32.ActiveCfg = Debug|Win32
		{F2114C97-2F90-44B2-86AF-E5AE662458BF}.Debug|Win32.Build.0 = Debug|Win32
		{F2114C97-2F90-44B2-86AF-E5AE662458BF}.Debug|x64.ActiveCfg = Debug|x64
		{F2114C97-2F90-44B2-86AF-E5AE662458BF}.Debug|x64.Build.0 = Debug|x64
		{F2114C97-2F90-44B2-86AF-E5AE662458BF}.Release|Win32.ActiveCfg = Release|Win32
		{F2114C97-2F90-44B2-86AF-E5AE662458BF}.Release|Win32.Build.0 = Release|Win32
		{F2114C97-2F90-44B2-86AF-E5AE662458BF}.Release|x64.ActiveCfg = Release|x64
		{F2114C97-2F90-44B2-86AF-E5AE662458BF}.Release|x64.Build.0 = Release|x64
		{E859F08B-6148-4475-AB5E-BAF09047A958}.Debug|Win32.ActiveCfg = Debug|Win32
		{E859F08B-6148-4475-AB5E-BAF09047A958}.Debug|Win32.Build.0 = Debug|Win32
		{E859F08B-6148-4475-AB5E-BAF09047A958}.Debug|x64.ActiveCfg = Debug|x64
		{E859F08B-6148-4475-AB5E-BAF09047A958}.Debug|x64.Build.0 = Debug|x64
		{E859F08B-6148-4475-AB5E-BAF09047A958}.Release|Win32.ActiveCfg = Release|Win32
		{E859F08B-6148-4475-AB5E-BAF09047A958}.Release|Win32.Build.0 = Release|Win32
		{E859F08B-6148-4475-AB5E-BAF09047A958}.Release|x64.ActiveCfg = Release|x64
		{E859F08B-6148-4475-AB5E-BAF09047A958}.Release|x64.Build.0 = Release|x64
		{6F681E4D-0C70-4D7E-A55F-74913E78138E}.Debug|Win32.ActiveCfg = Debug|Win32
		{6F681E4D-0C70-4D7E-A55F-74913E78138E}.Debug|Win32.Build.0 = Debug|Win32
		{6F681E4D-0C70-4D7E-A55F-74913E78138E}.Debug|x64.ActiveCfg = Debug|x64
		{6F681E4D-0C70-4D7E-A55F-74913E78138E}.Debug|x64.Build.0 = Debug|x64
		{6F681E4D-0C70-4D7E-A55F-74913E78138E}.Release|Win32.ActiveCfg = Release|Win32
		{6F681E4D-0C70-4D7E-A55F-74913E78138E}.Release|Win32.Build.0 = Release|Win32
		{6F681E4D-0C70-4D7E-A55F-74913E78138E}.Release|x64.ActiveCfg = Release|x64
		{6F681E4D-0C70-4D7E-A55F-74913E78138E}.Release|x64.Build.0 = Release|x64
		{046C67B6-9D81-473F-B738-D67C9EB18B99}.Debug|Win32.ActiveCfg = Debug|Win32
		{046C67B6-9D81-473F-B738-D67C9EB18B99}.Debug|Win32.Build.0 = Debug|Win32
		{046C67B6-9D81-473F-B738-D67C9EB18B99}.Debug|x64.ActiveCfg = Debug|x64
		{046C67B6-9D81-473F-B738-D67C9EB18B99}.Debug|x64.Build.0 = Debug|x64
		{046C67B6-9D81-473F-B738-D67C9EB18B99}.Release|Win32.ActiveCfg = Release|Win32
		{046C67B6-9D81-473F-B738-D67C9EB18B99}.Release|Win32.Build.0 = Release|Win32
		{046C67B6-9D81-473F-B738-D67C9EB18B99}.Release|x64.ActiveCfg = Release|x64
		{046C67B6-9D81-473F-B738-D67C9EB18B99}.Release|x64.Build.0 = Release|x64
		{046C67B6-9D81-473F-8FD4-D67C9EB18B99}.Debug|Win32.ActiveCfg = Debug|Win32
		{046C67B6-9D81-473F-8FD4-D67C9EB18B99}.Debug|Win32.Build.0 = Debug|Win32
		{046C67B6-9D81-473F-8FD4-D67C9EB18B99}.Debug|x64.ActiveCfg = Debug|x64
		{046C67B6-9D81-473F-8FD4-D67C9EB18B99}.Debug|x64.Build.0 = Debug|x64
		{046C67B6-9D81-473F-8FD4-D67C9EB18B99}.Release|Win32.ActiveCfg = Release|Win32
		{046C67B6-9D81-473F-8FD4-D67C9EB18B99}.Release|Win32.Build.0 = Release|Win32
		{046C67B6-9D81-473F-8FD4-D67C9EB18B99}.Release|x64.ActiveCfg = Release|x64
		{046C67B6-9D81-473F-8FD4-D67C9EB18B99}.Release|x64.Build.0 = Release|x64
	EndGlobalSection
	GlobalSection(SolutionProperties) = preSolution
		HideSolutionNode = FALSE
	EndGlobalSection
	GlobalSection(NestedProjects) = preSolution
		{CE8F5C1F-2B0B-4A77-A40F-20FA5A5FB05C} = {11FAB3B1-0C95-4FCC-9326-09052D8B5C9D}
		{623B14B1-DB3A-43F5-A4B6-2100510BFBD8} = {11FAB3B1-0C95-4FCC-9326-09052D8B5C9D}
		{14CE2241-F8CE-4FE8-A194-B2F6C0FCC9D1} = {11FAB3B1-0C95-4FCC-9326-09052D8B5C9D}
		{046C67B6-9D81-473F-B738-D67C9EB18B99} = {6EA087C1-3738-4F25-8675-96E824E1E1AD}
		{046C67B6-9D81-473F-8FD4-D67C9EB18B99} = {6EA087C1-3738-4F25-8675-96E824E1E1AD}
	EndGlobalSection
EndGlobal
