
Microsoft Visual Studio Solution File, Format Version 10.00
# Visual Studio 2008
Project("{8BC9CEB8-8B4A-11D0-8D11-00A0C91BC942}") = "example-show-device-list", "src\libusbK_examples\example.device-list.vcproj", "{C92C079A-D7DD-4780-B462-88B7E9105649}"
EndProject
Global
	GlobalSection(SolutionConfigurationPlatforms) = preSolution
		Debug|Win32 = Debug|Win32
	EndGlobalSection
	GlobalSection(ProjectConfigurationPlatforms) = postSolution
		{C92C079A-D7DD-4780-B462-88B7E9105649}.Debug|Win32.ActiveCfg = Debug|Win32
		{C92C079A-D7DD-4780-B462-88B7E9105649}.Debug|Win32.Build.0 = Debug|Win32
	EndGlobalSection
	GlobalSection(SolutionProperties) = preSolution
		HideSolutionNode = FALSE
	EndGlobalSection
EndGlobal
